Microsoft Visual Studio Solution File, Format Version 12.00
# Visual Studio Version 17
VisualStudioVersion = 17.5.2.0
MinimumVisualStudioVersion = 10.0.40219.1
Project("{FAE04EC0-301F-11D3-BF4B-00C04F79EFBC}") = "EventSourcing.Sample.API", "EventSourcing.Sample.API\EventSourcing.Sample.API.csproj", "{54D42E00-9073-CA2B-0374-F0B0AC155702}"
EndProject
Project("{FAE04EC0-301F-11D3-BF4B-00C04F79EFBC}") = "EventSourcing.Sample.Domain", "EventSourcing.Sample.Domain\EventSourcing.Sample.Domain.csproj", "{0A4708F4-380E-40A9-8EC9-1EA43BCB5055}"
EndProject
Project("{FAE04EC0-301F-11D3-BF4B-00C04F79EFBC}") = "EventSourcing.Sample.Infra", "EventSourcing.Sample.Infra\EventSourcing.Sample.Infra.csproj", "{A5111763-10C1-4C36-BD32-9D7C18C42F78}"
EndProject
Global
	GlobalSection(SolutionConfigurationPlatforms) = preSolution
		Debug|Any CPU = Debug|Any CPU
		Release|Any CPU = Release|Any CPU
	EndGlobalSection
	GlobalSection(ProjectConfigurationPlatforms) = postSolution
		{54D42E00-9073-CA2B-0374-F0B0AC155702}.Debug|Any CPU.ActiveCfg = Debug|Any CPU
		{54D42E00-9073-CA2B-0374-F0B0AC155702}.Debug|Any CPU.Build.0 = Debug|Any CPU
		{54D42E00-9073-CA2B-0374-F0B0AC155702}.Release|Any CPU.ActiveCfg = Release|Any CPU
		{54D42E00-9073-CA2B-0374-F0B0AC155702}.Release|Any CPU.Build.0 = Release|Any CPU
		{0A4708F4-380E-40A9-8EC9-1EA43BCB5055}.Debug|Any CPU.ActiveCfg = Debug|Any CPU
		{0A4708F4-380E-40A9-8EC9-1EA43BCB5055}.Debug|Any CPU.Build.0 = Debug|Any CPU
		{0A4708F4-380E-40A9-8EC9-1EA43BCB5055}.Release|Any CPU.ActiveCfg = Release|Any CPU
		{0A4708F4-380E-40A9-8EC9-1EA43BCB5055}.Release|Any CPU.Build.0 = Release|Any CPU
		{A5111763-10C1-4C36-BD32-9D7C18C42F78}.Debug|Any CPU.ActiveCfg = Debug|Any CPU
		{A5111763-10C1-4C36-BD32-9D7C18C42F78}.Debug|Any CPU.Build.0 = Debug|Any CPU
		{A5111763-10C1-4C36-BD32-9D7C18C42F78}.Release|Any CPU.ActiveCfg = Release|Any CPU
		{A5111763-10C1-4C36-BD32-9D7C18C42F78}.Release|Any CPU.Build.0 = Release|Any CPU
	EndGlobalSection
	GlobalSection(SolutionProperties) = preSolution
		HideSolutionNode = FALSE
	EndGlobalSection
	GlobalSection(ExtensibilityGlobals) = postSolution
		SolutionGuid = {4ADE9091-9144-4DEB-A812-72D7D3FF132C}
	EndGlobalSection
EndGlobal
